
Microsoft Visual Studio Solution File, Format Version 12.00
# Visual Studio 2013
VisualStudioVersion = 12.0.21005.1
MinimumVisualStudioVersion = 10.0.40219.1
Project("{FAE04EC0-301F-11D3-BF4B-00C04F79EFBC}") = "InfraStructure", "InfraStructure\InfraStructure.csproj", "{09E35175-28BC-46E1-B024-8896E801A0B3}"
EndProject
Project("{FAE04EC0-301F-11D3-BF4B-00C04F79EFBC}") = "Git", "Git\Git.csproj", "{48ADB7FB-9DBB-488D-8EC9-75C639A2361C}"
EndProject
Project("{FAE04EC0-301F-11D3-BF4B-00C04F79EFBC}") = "Svn", "Svn\Svn.csproj", "{7F20AEB4-0E64-41D4-9D09-244DE55972E4}"
EndProject
Project("{FAE04EC0-301F-11D3-BF4B-00C04F79EFBC}") = "Simplex_SvnToGit", "Simplex_SvnToGit\Simplex_SvnToGit.csproj", "{A1C142B9-9DBF-4126-9318-8D35F89D6261}"
EndProject
Project("{FAE04EC0-301F-11D3-BF4B-00C04F79EFBC}") = "Simplex_GitToSvn", "Simplex_GitToSvn\Simplex_GitToSvn.csproj", "{C1B70454-DA08-4CCC-B610-EE54C5398C6D}"
EndProject
Project("{FAE04EC0-301F-11D3-BF4B-00C04F79EFBC}") = "Tests", "Tests\Tests.csproj", "{7A9CE7A9-6524-4F77-8D31-10B49DDF3DDB}"
EndProject
Project("{2150E333-8FDC-42A3-9474-1A3956D46DE8}") = "Core", "Core", "{CF54D0E1-32C6-41C8-A628-E16DFEBCFCAE}"
EndProject
Project("{2150E333-8FDC-42A3-9474-1A3956D46DE8}") = "Apps", "Apps", "{4CB613E5-643A-453D-AE6A-17D9C98E0444}"
EndProject
Global
	GlobalSection(SolutionConfigurationPlatforms) = preSolution
		Debug|Any CPU = Debug|Any CPU
		Release|Any CPU = Release|Any CPU
	EndGlobalSection
	GlobalSection(ProjectConfigurationPlatforms) = postSolution
		{09E35175-28BC-46E1-B024-8896E801A0B3}.Debug|Any CPU.ActiveCfg = Debug|Any CPU
		{09E35175-28BC-46E1-B024-8896E801A0B3}.Debug|Any CPU.Build.0 = Debug|Any CPU
		{09E35175-28BC-46E1-B024-8896E801A0B3}.Release|Any CPU.ActiveCfg = Release|Any CPU
		{09E35175-28BC-46E1-B024-8896E801A0B3}.Release|Any CPU.Build.0 = Release|Any CPU
		{48ADB7FB-9DBB-488D-8EC9-75C639A2361C}.Debug|Any CPU.ActiveCfg = Debug|Any CPU
		{48ADB7FB-9DBB-488D-8EC9-75C639A2361C}.Debug|Any CPU.Build.0 = Debug|Any CPU
		{48ADB7FB-9DBB-488D-8EC9-75C639A2361C}.Release|Any CPU.ActiveCfg = Release|Any CPU
		{48ADB7FB-9DBB-488D-8EC9-75C639A2361C}.Release|Any CPU.Build.0 = Release|Any CPU
		{7F20AEB4-0E64-41D4-9D09-244DE55972E4}.Debug|Any CPU.ActiveCfg = Debug|Any CPU
		{7F20AEB4-0E64-41D4-9D09-244DE55972E4}.Debug|Any CPU.Build.0 = Debug|Any CPU
		{7F20AEB4-0E64-41D4-9D09-244DE55972E4}.Release|Any CPU.ActiveCfg = Release|Any CPU
		{7F20AEB4-0E64-41D4-9D09-244DE55972E4}.Release|Any CPU.Build.0 = Release|Any CPU
		{A1C142B9-9DBF-4126-9318-8D35F89D6261}.Debug|Any CPU.ActiveCfg = Debug|Any CPU
		{A1C142B9-9DBF-4126-9318-8D35F89D6261}.Debug|Any CPU.Build.0 = Debug|Any CPU
		{A1C142B9-9DBF-4126-9318-8D35F89D6261}.Release|Any CPU.ActiveCfg = Release|Any CPU
		{A1C142B9-9DBF-4126-9318-8D35F89D6261}.Release|Any CPU.Build.0 = Release|Any CPU
		{C1B70454-DA08-4CCC-B610-EE54C5398C6D}.Debug|Any CPU.ActiveCfg = Debug|Any CPU
		{C1B70454-DA08-4CCC-B610-EE54C5398C6D}.Debug|Any CPU.Build.0 = Debug|Any CPU
		{C1B70454-DA08-4CCC-B610-EE54C5398C6D}.Release|Any CPU.ActiveCfg = Release|Any CPU
		{C1B70454-DA08-4CCC-B610-EE54C5398C6D}.Release|Any CPU.Build.0 = Release|Any CPU
		{7A9CE7A9-6524-4F77-8D31-10B49DDF3DDB}.Debug|Any CPU.ActiveCfg = Debug|Any CPU
		{7A9CE7A9-6524-4F77-8D31-10B49DDF3DDB}.Debug|Any CPU.Build.0 = Debug|Any CPU
		{7A9CE7A9-6524-4F77-8D31-10B49DDF3DDB}.Release|Any CPU.ActiveCfg = Release|Any CPU
		{7A9CE7A9-6524-4F77-8D31-10B49DDF3DDB}.Release|Any CPU.Build.0 = Release|Any CPU
	EndGlobalSection
	GlobalSection(SolutionProperties) = preSolution
		HideSolutionNode = FALSE
	EndGlobalSection
	GlobalSection(NestedProjects) = preSolution
		{48ADB7FB-9DBB-488D-8EC9-75C639A2361C} = {CF54D0E1-32C6-41C8-A628-E16DFEBCFCAE}
		{09E35175-28BC-46E1-B024-8896E801A0B3} = {CF54D0E1-32C6-41C8-A628-E16DFEBCFCAE}
		{7F20AEB4-0E64-41D4-9D09-244DE55972E4} = {CF54D0E1-32C6-41C8-A628-E16DFEBCFCAE}
		{C1B70454-DA08-4CCC-B610-EE54C5398C6D} = {4CB613E5-643A-453D-AE6A-17D9C98E0444}
		{A1C142B9-9DBF-4126-9318-8D35F89D6261} = {4CB613E5-643A-453D-AE6A-17D9C98E0444}
		{7A9CE7A9-6524-4F77-8D31-10B49DDF3DDB} = {4CB613E5-643A-453D-AE6A-17D9C98E0444}
	EndGlobalSection
EndGlobal
